
Microsoft Visual Studio Solution File, Format Version 12.00
# Visual Studio 15
VisualStudioVersion = 15.0.27703.2042
MinimumVisualStudioVersion = 10.0.40219.1
Project("{FAE04EC0-301F-11D3-BF4B-00C04F79EFBC}") = "BeeComplexForm", "BeeComplexForm\BeeComplexForm.csproj", "{C226B8BC-094B-4EBB-B728-175400621CA9}"
EndProject
Global
	GlobalSection(SolutionConfigurationPlatforms) = preSolution
		Debug|Any CPU = Debug|Any CPU
		Release|Any CPU = Release|Any CPU
	EndGlobalSection
	GlobalSection(ProjectConfigurationPlatforms) = postSolution
		{C226B8BC-094B-4EBB-B728-175400621CA9}.Debug|Any CPU.ActiveCfg = Debug|Any CPU
		{C226B8BC-094B-4EBB-B728-175400621CA9}.Debug|Any CPU.Build.0 = Debug|Any CPU
		{C226B8BC-094B-4EBB-B728-175400621CA9}.Release|Any CPU.ActiveCfg = Release|Any CPU
		{C226B8BC-094B-4EBB-B728-175400621CA9}.Release|Any CPU.Build.0 = Release|Any CPU
	EndGlobalSection
	GlobalSection(SolutionProperties) = preSolution
		HideSolutionNode = FALSE
	EndGlobalSection
	GlobalSection(ExtensibilityGlobals) = postSolution
		SolutionGuid = {E2B80818-9793-449F-8979-0BE64E0234AA}
	EndGlobalSection
EndGlobal
